// !$*UTF8*$!
{
	archiveVersion = 1;
	classes = {
	};
	objectVersion = 55;
	objects = {

/* Begin PBXBuildFile section */
		BC7FC2CF271A4223005AB4C1 /* CarListTableViewCell.swift in Sources */ = {isa = PBXBuildFile; fileRef = BC7FC2CE271A4223005AB4C1 /* CarListTableViewCell.swift */; };
		BC7FC2D2271A4506005AB4C1 /* Car.swift in Sources */ = {isa = PBXBuildFile; fileRef = BC7FC2D1271A4506005AB4C1 /* Car.swift */; };
		BC7FC2D5271A4E4F005AB4C1 /* BaseTableViewCell.swift in Sources */ = {isa = PBXBuildFile; fileRef = BC7FC2D4271A4E4F005AB4C1 /* BaseTableViewCell.swift */; };
		BC7FC2D7271A4EE8005AB4C1 /* GenericBaseViewController.swift in Sources */ = {isa = PBXBuildFile; fileRef = BC7FC2D6271A4EE8005AB4C1 /* GenericBaseViewController.swift */; };
		BC7FC2D9271A4F3F005AB4C1 /* CarListViewModel.swift in Sources */ = {isa = PBXBuildFile; fileRef = BC7FC2D8271A4F3F005AB4C1 /* CarListViewModel.swift */; };
		BC7FC2DD271B3A03005AB4C1 /* CarListViewBuilder.swift in Sources */ = {isa = PBXBuildFile; fileRef = BC7FC2DC271B3A03005AB4C1 /* CarListViewBuilder.swift */; };
		BC7FC2E0271B3E87005AB4C1 /* DefaultNetworkOperationPackage in Frameworks */ = {isa = PBXBuildFile; productRef = BC7FC2DF271B3E87005AB4C1 /* DefaultNetworkOperationPackage */; };
		BC7FC2E2271B471D005AB4C1 /* CarsApiServiceProvider.swift in Sources */ = {isa = PBXBuildFile; fileRef = BC7FC2E1271B471D005AB4C1 /* CarsApiServiceProvider.swift */; };
		BC7FC2E4271B4749005AB4C1 /* BaseRequest.swift in Sources */ = {isa = PBXBuildFile; fileRef = BC7FC2E3271B4749005AB4C1 /* BaseRequest.swift */; };
		BC7FC2EB271B9640005AB4C1 /* FontManager.swift in Sources */ = {isa = PBXBuildFile; fileRef = BC7FC2EA271B9640005AB4C1 /* FontManager.swift */; };
		BC7FC2EF271B9680005AB4C1 /* GenericValueProtocol.swift in Sources */ = {isa = PBXBuildFile; fileRef = BC7FC2ED271B9680005AB4C1 /* GenericValueProtocol.swift */; };
		BC7FC2F0271B9680005AB4C1 /* GenericDataProtocol.swift in Sources */ = {isa = PBXBuildFile; fileRef = BC7FC2EE271B9680005AB4C1 /* GenericDataProtocol.swift */; };
		BCBD556827188F6C005A5831 /* CarListViewController.swift in Sources */ = {isa = PBXBuildFile; fileRef = BCBD556727188F6C005A5831 /* CarListViewController.swift */; };
		BCBD556C2718920B005A5831 /* UIView+Extensions.swift in Sources */ = {isa = PBXBuildFile; fileRef = BCBD556B2718920B005A5831 /* UIView+Extensions.swift */; };
		BCC002DF27179A3400B60B35 /* AppDelegate.swift in Sources */ = {isa = PBXBuildFile; fileRef = BCC002DE27179A3400B60B35 /* AppDelegate.swift */; };
		BCC002E127179A3400B60B35 /* SceneDelegate.swift in Sources */ = {isa = PBXBuildFile; fileRef = BCC002E027179A3400B60B35 /* SceneDelegate.swift */; };
		BCC002E827179A3700B60B35 /* Assets.xcassets in Resources */ = {isa = PBXBuildFile; fileRef = BCC002E727179A3700B60B35 /* Assets.xcassets */; };
		BCC002EB27179A3700B60B35 /* LaunchScreen.storyboard in Resources */ = {isa = PBXBuildFile; fileRef = BCC002E927179A3700B60B35 /* LaunchScreen.storyboard */; };
		BCC002F627179A3700B60B35 /* HW4_HusnuTasTests.swift in Sources */ = {isa = PBXBuildFile; fileRef = BCC002F527179A3700B60B35 /* HW4_HusnuTasTests.swift */; };
		BCC0030027179A3700B60B35 /* HW4_HusnuTasUITests.swift in Sources */ = {isa = PBXBuildFile; fileRef = BCC002FF27179A3700B60B35 /* HW4_HusnuTasUITests.swift */; };
		BCC0030227179A3700B60B35 /* HW4_HusnuTasUITestsLaunchTests.swift in Sources */ = {isa = PBXBuildFile; fileRef = BCC0030127179A3700B60B35 /* HW4_HusnuTasUITestsLaunchTests.swift */; };
/* End PBXBuildFile section */

/* Begin PBXContainerItemProxy section */
		BCC002F227179A3700B60B35 /* PBXContainerItemProxy */ = {
			isa = PBXContainerItemProxy;
			containerPortal = BCC002D327179A3400B60B35 /* Project object */;
			proxyType = 1;
			remoteGlobalIDString = BCC002DA27179A3400B60B35;
			remoteInfo = HW4_HusnuTas;
		};
		BCC002FC27179A3700B60B35 /* PBXContainerItemProxy */ = {
			isa = PBXContainerItemProxy;
			containerPortal = BCC002D327179A3400B60B35 /* Project object */;
			proxyType = 1;
			remoteGlobalIDString = BCC002DA27179A3400B60B35;
			remoteInfo = HW4_HusnuTas;
		};
/* End PBXContainerItemProxy section */

/* Begin PBXFileReference section */
		BC7FC2CE271A4223005AB4C1 /* CarListTableViewCell.swift */ = {isa = PBXFileReference; lastKnownFileType = sourcecode.swift; path = CarListTableViewCell.swift; sourceTree = "<group>"; };
		BC7FC2D1271A4506005AB4C1 /* Car.swift */ = {isa = PBXFileReference; lastKnownFileType = sourcecode.swift; path = Car.swift; sourceTree = "<group>"; };
		BC7FC2D4271A4E4F005AB4C1 /* BaseTableViewCell.swift */ = {isa = PBXFileReference; lastKnownFileType = sourcecode.swift; path = BaseTableViewCell.swift; sourceTree = "<group>"; };
		BC7FC2D6271A4EE8005AB4C1 /* GenericBaseViewController.swift */ = {isa = PBXFileReference; lastKnownFileType = sourcecode.swift; path = GenericBaseViewController.swift; sourceTree = "<group>"; };
		BC7FC2D8271A4F3F005AB4C1 /* CarListViewModel.swift */ = {isa = PBXFileReference; lastKnownFileType = sourcecode.swift; path = CarListViewModel.swift; sourceTree = "<group>"; };
		BC7FC2DC271B3A03005AB4C1 /* CarListViewBuilder.swift */ = {isa = PBXFileReference; lastKnownFileType = sourcecode.swift; path = CarListViewBuilder.swift; sourceTree = "<group>"; };
		BC7FC2E1271B471D005AB4C1 /* CarsApiServiceProvider.swift */ = {isa = PBXFileReference; lastKnownFileType = sourcecode.swift; path = CarsApiServiceProvider.swift; sourceTree = "<group>"; };
		BC7FC2E3271B4749005AB4C1 /* BaseRequest.swift */ = {isa = PBXFileReference; lastKnownFileType = sourcecode.swift; path = BaseRequest.swift; sourceTree = "<group>"; };
		BC7FC2EA271B9640005AB4C1 /* FontManager.swift */ = {isa = PBXFileReference; fileEncoding = 4; lastKnownFileType = sourcecode.swift; path = FontManager.swift; sourceTree = "<group>"; };
		BC7FC2ED271B9680005AB4C1 /* GenericValueProtocol.swift */ = {isa = PBXFileReference; fileEncoding = 4; lastKnownFileType = sourcecode.swift; path = GenericValueProtocol.swift; sourceTree = "<group>"; };
		BC7FC2EE271B9680005AB4C1 /* GenericDataProtocol.swift */ = {isa = PBXFileReference; fileEncoding = 4; lastKnownFileType = sourcecode.swift; path = GenericDataProtocol.swift; sourceTree = "<group>"; };
		BCBD556727188F6C005A5831 /* CarListViewController.swift */ = {isa = PBXFileReference; lastKnownFileType = sourcecode.swift; path = CarListViewController.swift; sourceTree = "<group>"; };
		BCBD556B2718920B005A5831 /* UIView+Extensions.swift */ = {isa = PBXFileReference; lastKnownFileType = sourcecode.swift; path = "UIView+Extensions.swift"; sourceTree = "<group>"; };
		BCC002DB27179A3400B60B35 /* HW4_HusnuTas.app */ = {isa = PBXFileReference; explicitFileType = wrapper.application; includeInIndex = 0; path = HW4_HusnuTas.app; sourceTree = BUILT_PRODUCTS_DIR; };
		BCC002DE27179A3400B60B35 /* AppDelegate.swift */ = {isa = PBXFileReference; lastKnownFileType = sourcecode.swift; path = AppDelegate.swift; sourceTree = "<group>"; };
		BCC002E027179A3400B60B35 /* SceneDelegate.swift */ = {isa = PBXFileReference; lastKnownFileType = sourcecode.swift; path = SceneDelegate.swift; sourceTree = "<group>"; };
		BCC002E727179A3700B60B35 /* Assets.xcassets */ = {isa = PBXFileReference; lastKnownFileType = folder.assetcatalog; path = Assets.xcassets; sourceTree = "<group>"; };
		BCC002EA27179A3700B60B35 /* Base */ = {isa = PBXFileReference; lastKnownFileType = file.storyboard; name = Base; path = Base.lproj/LaunchScreen.storyboard; sourceTree = "<group>"; };
		BCC002EC27179A3700B60B35 /* Info.plist */ = {isa = PBXFileReference; lastKnownFileType = text.plist.xml; path = Info.plist; sourceTree = "<group>"; };
		BCC002F127179A3700B60B35 /* HW4_HusnuTasTests.xctest */ = {isa = PBXFileReference; explicitFileType = wrapper.cfbundle; includeInIndex = 0; path = HW4_HusnuTasTests.xctest; sourceTree = BUILT_PRODUCTS_DIR; };
		BCC002F527179A3700B60B35 /* HW4_HusnuTasTests.swift */ = {isa = PBXFileReference; lastKnownFileType = sourcecode.swift; path = HW4_HusnuTasTests.swift; sourceTree = "<group>"; };
		BCC002FB27179A3700B60B35 /* HW4_HusnuTasUITests.xctest */ = {isa = PBXFileReference; explicitFileType = wrapper.cfbundle; includeInIndex = 0; path = HW4_HusnuTasUITests.xctest; sourceTree = BUILT_PRODUCTS_DIR; };
		BCC002FF27179A3700B60B35 /* HW4_HusnuTasUITests.swift */ = {isa = PBXFileReference; lastKnownFileType = sourcecode.swift; path = HW4_HusnuTasUITests.swift; sourceTree = "<group>"; };
		BCC0030127179A3700B60B35 /* HW4_HusnuTasUITestsLaunchTests.swift */ = {isa = PBXFileReference; lastKnownFileType = sourcecode.swift; path = HW4_HusnuTasUITestsLaunchTests.swift; sourceTree = "<group>"; };
/* End PBXFileReference section */

/* Begin PBXFrameworksBuildPhase section */
		BCC002D827179A3400B60B35 /* Frameworks */ = {
			isa = PBXFrameworksBuildPhase;
			buildActionMask = 2147483647;
			files = (
				BC7FC2E0271B3E87005AB4C1 /* DefaultNetworkOperationPackage in Frameworks */,
			);
			runOnlyForDeploymentPostprocessing = 0;
		};
		BCC002EE27179A3700B60B35 /* Frameworks */ = {
			isa = PBXFrameworksBuildPhase;
			buildActionMask = 2147483647;
			files = (
			);
			runOnlyForDeploymentPostprocessing = 0;
		};
		BCC002F827179A3700B60B35 /* Frameworks */ = {
			isa = PBXFrameworksBuildPhase;
			buildActionMask = 2147483647;
			files = (
			);
			runOnlyForDeploymentPostprocessing = 0;
		};
/* End PBXFrameworksBuildPhase section */

/* Begin PBXGroup section */
		BC7FC2D0271A44ED005AB4C1 /* Model */ = {
			isa = PBXGroup;
			children = (
				BC7FC2D1271A4506005AB4C1 /* Car.swift */,
			);
			path = Model;
			sourceTree = "<group>";
		};
		BC7FC2D3271A4E37005AB4C1 /* BaseComponents */ = {
			isa = PBXGroup;
			children = (
				BC7FC2D4271A4E4F005AB4C1 /* BaseTableViewCell.swift */,
				BC7FC2D6271A4EE8005AB4C1 /* GenericBaseViewController.swift */,
			);
			path = BaseComponents;
			sourceTree = "<group>";
		};
		BC7FC2DA271A5009005AB4C1 /* SceneModules */ = {
			isa = PBXGroup;
			children = (
				BC7FC2DB271A5025005AB4C1 /* CarList */,
			);
			path = SceneModules;
			sourceTree = "<group>";
		};
		BC7FC2DB271A5025005AB4C1 /* CarList */ = {
			isa = PBXGroup;
			children = (
				BCBD556727188F6C005A5831 /* CarListViewController.swift */,
				BC7FC2CE271A4223005AB4C1 /* CarListTableViewCell.swift */,
				BC7FC2D8271A4F3F005AB4C1 /* CarListViewModel.swift */,
				BC7FC2DC271B3A03005AB4C1 /* CarListViewBuilder.swift */,
			);
			path = CarList;
			sourceTree = "<group>";
		};
		BC7FC2E5271B6D4D005AB4C1 /* Service */ = {
			isa = PBXGroup;
			children = (
				BC7FC2E1271B471D005AB4C1 /* CarsApiServiceProvider.swift */,
				BC7FC2E3271B4749005AB4C1 /* BaseRequest.swift */,
			);
			path = Service;
			sourceTree = "<group>";
		};
		BC7FC2E9271B9640005AB4C1 /* FontManagers */ = {
			isa = PBXGroup;
			children = (
				BC7FC2EA271B9640005AB4C1 /* FontManager.swift */,
			);
			path = FontManagers;
			sourceTree = "<group>";
		};
		BC7FC2EC271B9680005AB4C1 /* Protocols */ = {
			isa = PBXGroup;
			children = (
				BC7FC2ED271B9680005AB4C1 /* GenericValueProtocol.swift */,
				BC7FC2EE271B9680005AB4C1 /* GenericDataProtocol.swift */,
			);
			path = Protocols;
			sourceTree = "<group>";
		};
		BCBD5569271891E1005A5831 /* Utils */ = {
			isa = PBXGroup;
			children = (
				BC7FC2EC271B9680005AB4C1 /* Protocols */,
				BC7FC2E9271B9640005AB4C1 /* FontManagers */,
				BCBD556A271891ED005A5831 /* Extensions */,
			);
			path = Utils;
			sourceTree = "<group>";
		};
		BCBD556A271891ED005A5831 /* Extensions */ = {
			isa = PBXGroup;
			children = (
				BCBD556B2718920B005A5831 /* UIView+Extensions.swift */,
			);
			path = Extensions;
			sourceTree = "<group>";
		};
		BCC002D227179A3400B60B35 = {
			isa = PBXGroup;
			children = (
				BCC002DD27179A3400B60B35 /* HW4_HusnuTas */,
				BCC002F427179A3700B60B35 /* HW4_HusnuTasTests */,
				BCC002FE27179A3700B60B35 /* HW4_HusnuTasUITests */,
				BCC002DC27179A3400B60B35 /* Products */,
			);
			sourceTree = "<group>";
		};
		BCC002DC27179A3400B60B35 /* Products */ = {
			isa = PBXGroup;
			children = (
				BCC002DB27179A3400B60B35 /* HW4_HusnuTas.app */,
				BCC002F127179A3700B60B35 /* HW4_HusnuTasTests.xctest */,
				BCC002FB27179A3700B60B35 /* HW4_HusnuTasUITests.xctest */,
			);
			name = Products;
			sourceTree = "<group>";
		};
		BCC002DD27179A3400B60B35 /* HW4_HusnuTas */ = {
			isa = PBXGroup;
			children = (
				BC7FC2DA271A5009005AB4C1 /* SceneModules */,
				BC7FC2D3271A4E37005AB4C1 /* BaseComponents */,
				BC7FC2D0271A44ED005AB4C1 /* Model */,
				BC7FC2E5271B6D4D005AB4C1 /* Service */,
				BCBD5569271891E1005A5831 /* Utils */,
				BCC002DE27179A3400B60B35 /* AppDelegate.swift */,
				BCC002E027179A3400B60B35 /* SceneDelegate.swift */,
				BCC002E727179A3700B60B35 /* Assets.xcassets */,
				BCC002E927179A3700B60B35 /* LaunchScreen.storyboard */,
				BCC002EC27179A3700B60B35 /* Info.plist */,
			);
			path = HW4_HusnuTas;
			sourceTree = "<group>";
		};
		BCC002F427179A3700B60B35 /* HW4_HusnuTasTests */ = {
			isa = PBXGroup;
			children = (
				BCC002F527179A3700B60B35 /* HW4_HusnuTasTests.swift */,
			);
			path = HW4_HusnuTasTests;
			sourceTree = "<group>";
		};
		BCC002FE27179A3700B60B35 /* HW4_HusnuTasUITests */ = {
			isa = PBXGroup;
			children = (
				BCC002FF27179A3700B60B35 /* HW4_HusnuTasUITests.swift */,
				BCC0030127179A3700B60B35 /* HW4_HusnuTasUITestsLaunchTests.swift */,
			);
			path = HW4_HusnuTasUITests;
			sourceTree = "<group>";
		};
/* End PBXGroup section */

/* Begin PBXNativeTarget section */
		BCC002DA27179A3400B60B35 /* HW4_HusnuTas */ = {
			isa = PBXNativeTarget;
			buildConfigurationList = BCC0030527179A3700B60B35 /* Build configuration list for PBXNativeTarget "HW4_HusnuTas" */;
			buildPhases = (
				BCC002D727179A3400B60B35 /* Sources */,
				BCC002D827179A3400B60B35 /* Frameworks */,
				BCC002D927179A3400B60B35 /* Resources */,
			);
			buildRules = (
			);
			dependencies = (
			);
			name = HW4_HusnuTas;
			packageProductDependencies = (
				BC7FC2DF271B3E87005AB4C1 /* DefaultNetworkOperationPackage */,
			);
			productName = HW4_HusnuTas;
			productReference = BCC002DB27179A3400B60B35 /* HW4_HusnuTas.app */;
			productType = "com.apple.product-type.application";
		};
		BCC002F027179A3700B60B35 /* HW4_HusnuTasTests */ = {
			isa = PBXNativeTarget;
			buildConfigurationList = BCC0030827179A3700B60B35 /* Build configuration list for PBXNativeTarget "HW4_HusnuTasTests" */;
			buildPhases = (
				BCC002ED27179A3700B60B35 /* Sources */,
				BCC002EE27179A3700B60B35 /* Frameworks */,
				BCC002EF27179A3700B60B35 /* Resources */,
			);
			buildRules = (
			);
			dependencies = (
				BCC002F327179A3700B60B35 /* PBXTargetDependency */,
			);
			name = HW4_HusnuTasTests;
			productName = HW4_HusnuTasTests;
			productReference = BCC002F127179A3700B60B35 /* HW4_HusnuTasTests.xctest */;
			productType = "com.apple.product-type.bundle.unit-test";
		};
		BCC002FA27179A3700B60B35 /* HW4_HusnuTasUITests */ = {
			isa = PBXNativeTarget;
			buildConfigurationList = BCC0030B27179A3700B60B35 /* Build configuration list for PBXNativeTarget "HW4_HusnuTasUITests" */;
			buildPhases = (
				BCC002F727179A3700B60B35 /* Sources */,
				BCC002F827179A3700B60B35 /* Frameworks */,
				BCC002F927179A3700B60B35 /* Resources */,
			);
			buildRules = (
			);
			dependencies = (
				BCC002FD27179A3700B60B35 /* PBXTargetDependency */,
			);
			name = HW4_HusnuTasUITests;
			productName = HW4_HusnuTasUITests;
			productReference = BCC002FB27179A3700B60B35 /* HW4_HusnuTasUITests.xctest */;
			productType = "com.apple.product-type.bundle.ui-testing";
		};
/* End PBXNativeTarget section */

/* Begin PBXProject section */
		BCC002D327179A3400B60B35 /* Project object */ = {
			isa = PBXProject;
			attributes = {
				BuildIndependentTargetsInParallel = 1;
				LastSwiftUpdateCheck = 1300;
				LastUpgradeCheck = 1300;
				TargetAttributes = {
					BCC002DA27179A3400B60B35 = {
						CreatedOnToolsVersion = 13.0;
					};
					BCC002F027179A3700B60B35 = {
						CreatedOnToolsVersion = 13.0;
						TestTargetID = BCC002DA27179A3400B60B35;
					};
					BCC002FA27179A3700B60B35 = {
						CreatedOnToolsVersion = 13.0;
						TestTargetID = BCC002DA27179A3400B60B35;
					};
				};
			};
			buildConfigurationList = BCC002D627179A3400B60B35 /* Build configuration list for PBXProject "HW4_HusnuTas" */;
			compatibilityVersion = "Xcode 13.0";
			developmentRegion = en;
			hasScannedForEncodings = 0;
			knownRegions = (
				en,
				Base,
			);
			mainGroup = BCC002D227179A3400B60B35;
			packageReferences = (
				BC7FC2DE271B3E87005AB4C1 /* XCRemoteSwiftPackageReference "DefaultNetworkOperationPackage" */,
			);
			productRefGroup = BCC002DC27179A3400B60B35 /* Products */;
			projectDirPath = "";
			projectRoot = "";
			targets = (
				BCC002DA27179A3400B60B35 /* HW4_HusnuTas */,
				BCC002F027179A3700B60B35 /* HW4_HusnuTasTests */,
				BCC002FA27179A3700B60B35 /* HW4_HusnuTasUITests */,
			);
		};
/* End PBXProject section */

/* Begin PBXResourcesBuildPhase section */
		BCC002D927179A3400B60B35 /* Resources */ = {
			isa = PBXResourcesBuildPhase;
			buildActionMask = 2147483647;
			files = (
				BCC002EB27179A3700B60B35 /* LaunchScreen.storyboard in Resources */,
				BCC002E827179A3700B60B35 /* Assets.xcassets in Resources */,
			);
			runOnlyForDeploymentPostprocessing = 0;
		};
		BCC002EF27179A3700B60B35 /* Resources */ = {
			isa = PBXResourcesBuildPhase;
			buildActionMask = 2147483647;
			files = (
			);
			runOnlyForDeploymentPostprocessing = 0;
		};
		BCC002F927179A3700B60B35 /* Resources */ = {
			isa = PBXResourcesBuildPhase;
			buildActionMask = 2147483647;
			files = (
			);
			runOnlyForDeploymentPostprocessing = 0;
		};
/* End PBXResourcesBuildPhase section */

/* Begin PBXSourcesBuildPhase section */
		BCC002D727179A3400B60B35 /* Sources */ = {
			isa = PBXSourcesBuildPhase;
			buildActionMask = 2147483647;
			files = (
				BCC002DF27179A3400B60B35 /* AppDelegate.swift in Sources */,
				BC7FC2D7271A4EE8005AB4C1 /* GenericBaseViewController.swift in Sources */,
				BC7FC2EB271B9640005AB4C1 /* FontManager.swift in Sources */,
				BCC002E127179A3400B60B35 /* SceneDelegate.swift in Sources */,
				BC7FC2D2271A4506005AB4C1 /* Car.swift in Sources */,
				BCBD556C2718920B005A5831 /* UIView+Extensions.swift in Sources */,
				BC7FC2D5271A4E4F005AB4C1 /* BaseTableViewCell.swift in Sources */,
				BC7FC2EF271B9680005AB4C1 /* GenericValueProtocol.swift in Sources */,
				BC7FC2E2271B471D005AB4C1 /* CarsApiServiceProvider.swift in Sources */,
				BC7FC2CF271A4223005AB4C1 /* CarListTableViewCell.swift in Sources */,
				BC7FC2E4271B4749005AB4C1 /* BaseRequest.swift in Sources */,
				BC7FC2DD271B3A03005AB4C1 /* CarListViewBuilder.swift in Sources */,
				BC7FC2F0271B9680005AB4C1 /* GenericDataProtocol.swift in Sources */,
				BCBD556827188F6C005A5831 /* CarListViewController.swift in Sources */,
				BC7FC2D9271A4F3F005AB4C1 /* CarListViewModel.swift in Sources */,
			);
			runOnlyForDeploymentPostprocessing = 0;
		};
		BCC002ED27179A3700B60B35 /* Sources */ = {
			isa = PBXSourcesBuildPhase;
			buildActionMask = 2147483647;
			files = (
				BCC002F627179A3700B60B35 /* HW4_HusnuTasTests.swift in Sources */,
			);
			runOnlyForDeploymentPostprocessing = 0;
		};
		BCC002F727179A3700B60B35 /* Sources */ = {
			isa = PBXSourcesBuildPhase;
			buildActionMask = 2147483647;
			files = (
				BCC0030027179A3700B60B35 /* HW4_HusnuTasUITests.swift in Sources */,
				BCC0030227179A3700B60B35 /* HW4_HusnuTasUITestsLaunchTests.swift in Sources */,
			);
			runOnlyForDeploymentPostprocessing = 0;
		};
/* End PBXSourcesBuildPhase section */

/* Begin PBXTargetDependency section */
		BCC002F327179A3700B60B35 /* PBXTargetDependency */ = {
			isa = PBXTargetDependency;
			target = BCC002DA27179A3400B60B35 /* HW4_HusnuTas */;
			targetProxy = BCC002F227179A3700B60B35 /* PBXContainerItemProxy */;
		};
		BCC002FD27179A3700B60B35 /* PBXTargetDependency */ = {
			isa = PBXTargetDependency;
			target = BCC002DA27179A3400B60B35 /* HW4_HusnuTas */;
			targetProxy = BCC002FC27179A3700B60B35 /* PBXContainerItemProxy */;
		};
/* End PBXTargetDependency section */

/* Begin PBXVariantGroup section */
		BCC002E927179A3700B60B35 /* LaunchScreen.storyboard */ = {
			isa = PBXVariantGroup;
			children = (
				BCC002EA27179A3700B60B35 /* Base */,
			);
			name = LaunchScreen.storyboard;
			sourceTree = "<group>";
		};
/* End PBXVariantGroup section */

/* Begin XCBuildConfiguration section */
		BCC0030327179A3700B60B35 /* Debug */ = {
			isa = XCBuildConfiguration;
			buildSettings = {
				ALWAYS_SEARCH_USER_PATHS = NO;
				CLANG_ANALYZER_NONNULL = YES;
				CLANG_ANALYZER_NUMBER_OBJECT_CONVERSION = YES_AGGRESSIVE;
				CLANG_CXX_LANGUAGE_STANDARD = "gnu++17";
				CLANG_CXX_LIBRARY = "libc++";
				CLANG_ENABLE_MODULES = YES;
				CLANG_ENABLE_OBJC_ARC = YES;
				CLANG_ENABLE_OBJC_WEAK = YES;
				CLANG_WARN_BLOCK_CAPTURE_AUTORELEASING = YES;
				CLANG_WARN_BOOL_CONVERSION = YES;
				CLANG_WARN_COMMA = YES;
				CLANG_WARN_CONSTANT_CONVERSION = YES;
				CLANG_WARN_DEPRECATED_OBJC_IMPLEMENTATIONS = YES;
				CLANG_WARN_DIRECT_OBJC_ISA_USAGE = YES_ERROR;
				CLANG_WARN_DOCUMENTATION_COMMENTS = YES;
				CLANG_WARN_EMPTY_BODY = YES;
				CLANG_WARN_ENUM_CONVERSION = YES;
				CLANG_WARN_INFINITE_RECURSION = YES;
				CLANG_WARN_INT_CONVERSION = YES;
				CLANG_WARN_NON_LITERAL_NULL_CONVERSION = YES;
				CLANG_WARN_OBJC_IMPLICIT_RETAIN_SELF = YES;
				CLANG_WARN_OBJC_LITERAL_CONVERSION = YES;
				CLANG_WARN_OBJC_ROOT_CLASS = YES_ERROR;
				CLANG_WARN_QUOTED_INCLUDE_IN_FRAMEWORK_HEADER = YES;
				CLANG_WARN_RANGE_LOOP_ANALYSIS = YES;
				CLANG_WARN_STRICT_PROTOTYPES = YES;
				CLANG_WARN_SUSPICIOUS_MOVE = YES;
				CLANG_WARN_UNGUARDED_AVAILABILITY = YES_AGGRESSIVE;
				CLANG_WARN_UNREACHABLE_CODE = YES;
				CLANG_WARN__DUPLICATE_METHOD_MATCH = YES;
				COPY_PHASE_STRIP = NO;
				DEBUG_INFORMATION_FORMAT = dwarf;
				ENABLE_STRICT_OBJC_MSGSEND = YES;
				ENABLE_TESTABILITY = YES;
				GCC_C_LANGUAGE_STANDARD = gnu11;
				GCC_DYNAMIC_NO_PIC = NO;
				GCC_NO_COMMON_BLOCKS = YES;
				GCC_OPTIMIZATION_LEVEL = 0;
				GCC_PREPROCESSOR_DEFINITIONS = (
					"DEBUG=1",
					"$(inherited)",
				);
				GCC_WARN_64_TO_32_BIT_CONVERSION = YES;
				GCC_WARN_ABOUT_RETURN_TYPE = YES_ERROR;
				GCC_WARN_UNDECLARED_SELECTOR = YES;
				GCC_WARN_UNINITIALIZED_AUTOS = YES_AGGRESSIVE;
				GCC_WARN_UNUSED_FUNCTION = YES;
				GCC_WARN_UNUSED_VARIABLE = YES;
				IPHONEOS_DEPLOYMENT_TARGET = 15.0;
				MTL_ENABLE_DEBUG_INFO = INCLUDE_SOURCE;
				MTL_FAST_MATH = YES;
				ONLY_ACTIVE_ARCH = YES;
				SDKROOT = iphoneos;
				SWIFT_ACTIVE_COMPILATION_CONDITIONS = DEBUG;
				SWIFT_OPTIMIZATION_LEVEL = "-Onone";
			};
			name = Debug;
		};
		BCC0030427179A3700B60B35 /* Release */ = {
			isa = XCBuildConfiguration;
			buildSettings = {
				ALWAYS_SEARCH_USER_PATHS = NO;
				CLANG_ANALYZER_NONNULL = YES;
				CLANG_ANALYZER_NUMBER_OBJECT_CONVERSION = YES_AGGRESSIVE;
				CLANG_CXX_LANGUAGE_STANDARD = "gnu++17";
				CLANG_CXX_LIBRARY = "libc++";
				CLANG_ENABLE_MODULES = YES;
				CLANG_ENABLE_OBJC_ARC = YES;
				CLANG_ENABLE_OBJC_WEAK = YES;
				CLANG_WARN_BLOCK_CAPTURE_AUTORELEASING = YES;
				CLANG_WARN_BOOL_CONVERSION = YES;
				CLANG_WARN_COMMA = YES;
				CLANG_WARN_CONSTANT_CONVERSION = YES;
				CLANG_WARN_DEPRECATED_OBJC_IMPLEMENTATIONS = YES;
				CLANG_WARN_DIRECT_OBJC_ISA_USAGE = YES_ERROR;
				CLANG_WARN_DOCUMENTATION_COMMENTS = YES;
				CLANG_WARN_EMPTY_BODY = YES;
				CLANG_WARN_ENUM_CONVERSION = YES;
				CLANG_WARN_INFINITE_RECURSION = YES;
				CLANG_WARN_INT_CONVERSION = YES;
				CLANG_WARN_NON_LITERAL_NULL_CONVERSION = YES;
				CLANG_WARN_OBJC_IMPLICIT_RETAIN_SELF = YES;
				CLANG_WARN_OBJC_LITERAL_CONVERSION = YES;
				CLANG_WARN_OBJC_ROOT_CLASS = YES_ERROR;
				CLANG_WARN_QUOTED_INCLUDE_IN_FRAMEWORK_HEADER = YES;
				CLANG_WARN_RANGE_LOOP_ANALYSIS = YES;
				CLANG_WARN_STRICT_PROTOTYPES = YES;
				CLANG_WARN_SUSPICIOUS_MOVE = YES;
				CLANG_WARN_UNGUARDED_AVAILABILITY = YES_AGGRESSIVE;
				CLANG_WARN_UNREACHABLE_CODE = YES;
				CLANG_WARN__DUPLICATE_METHOD_MATCH = YES;
				COPY_PHASE_STRIP = NO;
				DEBUG_INFORMATION_FORMAT = "dwarf-with-dsym";
				ENABLE_NS_ASSERTIONS = NO;
				ENABLE_STRICT_OBJC_MSGSEND = YES;
				GCC_C_LANGUAGE_STANDARD = gnu11;
				GCC_NO_COMMON_BLOCKS = YES;
				GCC_WARN_64_TO_32_BIT_CONVERSION = YES;
				GCC_WARN_ABOUT_RETURN_TYPE = YES_ERROR;
				GCC_WARN_UNDECLARED_SELECTOR = YES;
				GCC_WARN_UNINITIALIZED_AUTOS = YES_AGGRESSIVE;
				GCC_WARN_UNUSED_FUNCTION = YES;
				GCC_WARN_UNUSED_VARIABLE = YES;
				IPHONEOS_DEPLOYMENT_TARGET = 15.0;
				MTL_ENABLE_DEBUG_INFO = NO;
				MTL_FAST_MATH = YES;
				SDKROOT = iphoneos;
				SWIFT_COMPILATION_MODE = wholemodule;
				SWIFT_OPTIMIZATION_LEVEL = "-O";
				VALIDATE_PRODUCT = YES;
			};
			name = Release;
		};
		BCC0030627179A3700B60B35 /* Debug */ = {
			isa = XCBuildConfiguration;
			buildSettings = {
				ASSETCATALOG_COMPILER_APPICON_NAME = AppIcon;
				ASSETCATALOG_COMPILER_GLOBAL_ACCENT_COLOR_NAME = AccentColor;
				CODE_SIGN_STYLE = Automatic;
				CURRENT_PROJECT_VERSION = 1;
				DEVELOPMENT_TEAM = 2BAW85345C;
				GENERATE_INFOPLIST_FILE = YES;
				INFOPLIST_FILE = HW4_HusnuTas/Info.plist;
				INFOPLIST_KEY_UIApplicationSupportsIndirectInputEvents = YES;
				INFOPLIST_KEY_UILaunchStoryboardName = LaunchScreen;
				INFOPLIST_KEY_UISupportedInterfaceOrientations_iPad = "UIInterfaceOrientationPortrait UIInterfaceOrientationPortraitUpsideDown UIInterfaceOrientationLandscapeLeft UIInterfaceOrientationLandscapeRight";
				INFOPLIST_KEY_UISupportedInterfaceOrientations_iPhone = "UIInterfaceOrientationPortrait UIInterfaceOrientationLandscapeLeft UIInterfaceOrientationLandscapeRight";
				LD_RUNPATH_SEARCH_PATHS = (
					"$(inherited)",
					"@executable_path/Frameworks",
				);
				MARKETING_VERSION = 1.0;
				PRODUCT_BUNDLE_IDENTIFIER = "com.husnutas.HW4-HusnuTas";
				PRODUCT_NAME = "$(TARGET_NAME)";
				SWIFT_EMIT_LOC_STRINGS = YES;
				SWIFT_VERSION = 5.0;
				TARGETED_DEVICE_FAMILY = "1,2";
			};
			name = Debug;
		};
		BCC0030727179A3700B60B35 /* Release */ = {
			isa = XCBuildConfiguration;
			buildSettings = {
				ASSETCATALOG_COMPILER_APPICON_NAME = AppIcon;
				ASSETCATALOG_COMPILER_GLOBAL_ACCENT_COLOR_NAME = AccentColor;
				CODE_SIGN_STYLE = Automatic;
				CURRENT_PROJECT_VERSION = 1;
				DEVELOPMENT_TEAM = 2BAW85345C;
				GENERATE_INFOPLIST_FILE = YES;
				INFOPLIST_FILE = HW4_HusnuTas/Info.plist;
				INFOPLIST_KEY_UIApplicationSupportsIndirectInputEvents = YES;
				INFOPLIST_KEY_UILaunchStoryboardName = LaunchScreen;
				INFOPLIST_KEY_UISupportedInterfaceOrientations_iPad = "UIInterfaceOrientationPortrait UIInterfaceOrientationPortraitUpsideDown UIInterfaceOrientationLandscapeLeft UIInterfaceOrientationLandscapeRight";
				INFOPLIST_KEY_UISupportedInterfaceOrientations_iPhone = "UIInterfaceOrientationPortrait UIInterfaceOrientationLandscapeLeft UIInterfaceOrientationLandscapeRight";
				LD_RUNPATH_SEARCH_PATHS = (
					"$(inherited)",
					"@executable_path/Frameworks",
				);
				MARKETING_VERSION = 1.0;
				PRODUCT_BUNDLE_IDENTIFIER = "com.husnutas.HW4-HusnuTas";
				PRODUCT_NAME = "$(TARGET_NAME)";
				SWIFT_EMIT_LOC_STRINGS = YES;
				SWIFT_VERSION = 5.0;
				TARGETED_DEVICE_FAMILY = "1,2";
			};
			name = Release;
		};
		BCC0030927179A3700B60B35 /* Debug */ = {
			isa = XCBuildConfiguration;
			buildSettings = {
				ALWAYS_EMBED_SWIFT_STANDARD_LIBRARIES = YES;
				BUNDLE_LOADER = "$(TEST_HOST)";
				CODE_SIGN_STYLE = Automatic;
				CURRENT_PROJECT_VERSION = 1;
				DEVELOPMENT_TEAM = 2BAW85345C;
				GENERATE_INFOPLIST_FILE = YES;
				IPHONEOS_DEPLOYMENT_TARGET = 15.0;
				LD_RUNPATH_SEARCH_PATHS = (
					"$(inherited)",
					"@executable_path/Frameworks",
					"@loader_path/Frameworks",
				);
				MARKETING_VERSION = 1.0;
				PRODUCT_BUNDLE_IDENTIFIER = "com.husnutas.HW4-HusnuTasTests";
				PRODUCT_NAME = "$(TARGET_NAME)";
				SWIFT_EMIT_LOC_STRINGS = NO;
				SWIFT_VERSION = 5.0;
				TARGETED_DEVICE_FAMILY = "1,2";
				TEST_HOST = "$(BUILT_PRODUCTS_DIR)/HW4_HusnuTas.app/HW4_HusnuTas";
			};
			name = Debug;
		};
		BCC0030A27179A3700B60B35 /* Release */ = {
			isa = XCBuildConfiguration;
			buildSettings = {
				ALWAYS_EMBED_SWIFT_STANDARD_LIBRARIES = YES;
				BUNDLE_LOADER = "$(TEST_HOST)";
				CODE_SIGN_STYLE = Automatic;
				CURRENT_PROJECT_VERSION = 1;
				DEVELOPMENT_TEAM = 2BAW85345C;
				GENERATE_INFOPLIST_FILE = YES;
				IPHONEOS_DEPLOYMENT_TARGET = 15.0;
				LD_RUNPATH_SEARCH_PATHS = (
					"$(inherited)",
					"@executable_path/Frameworks",
					"@loader_path/Frameworks",
				);
				MARKETING_VERSION = 1.0;
				PRODUCT_BUNDLE_IDENTIFIER = "com.husnutas.HW4-HusnuTasTests";
				PRODUCT_NAME = "$(TARGET_NAME)";
				SWIFT_EMIT_LOC_STRINGS = NO;
				SWIFT_VERSION = 5.0;
				TARGETED_DEVICE_FAMILY = "1,2";
				TEST_HOST = "$(BUILT_PRODUCTS_DIR)/HW4_HusnuTas.app/HW4_HusnuTas";
			};
			name = Release;
		};
		BCC0030C27179A3700B60B35 /* Debug */ = {
			isa = XCBuildConfiguration;
			buildSettings = {
				ALWAYS_EMBED_SWIFT_STANDARD_LIBRARIES = YES;
				CODE_SIGN_STYLE = Automatic;
				CURRENT_PROJECT_VERSION = 1;
				DEVELOPMENT_TEAM = 2BAW85345C;
				GENERATE_INFOPLIST_FILE = YES;
				LD_RUNPATH_SEARCH_PATHS = (
					"$(inherited)",
					"@executable_path/Frameworks",
					"@loader_path/Frameworks",
				);
				MARKETING_VERSION = 1.0;
				PRODUCT_BUNDLE_IDENTIFIER = "com.husnutas.HW4-HusnuTasUITests";
				PRODUCT_NAME = "$(TARGET_NAME)";
				SWIFT_EMIT_LOC_STRINGS = NO;
				SWIFT_VERSION = 5.0;
				TARGETED_DEVICE_FAMILY = "1,2";
				TEST_TARGET_NAME = HW4_HusnuTas;
			};
			name = Debug;
		};
		BCC0030D27179A3700B60B35 /* Release */ = {
			isa = XCBuildConfiguration;
			buildSettings = {
				ALWAYS_EMBED_SWIFT_STANDARD_LIBRARIES = YES;
				CODE_SIGN_STYLE = Automatic;
				CURRENT_PROJECT_VERSION = 1;
				DEVELOPMENT_TEAM = 2BAW85345C;
				GENERATE_INFOPLIST_FILE = YES;
				LD_RUNPATH_SEARCH_PATHS = (
					"$(inherited)",
					"@executable_path/Frameworks",
					"@loader_path/Frameworks",
				);
				MARKETING_VERSION = 1.0;
				PRODUCT_BUNDLE_IDENTIFIER = "com.husnutas.HW4-HusnuTasUITests";
				PRODUCT_NAME = "$(TARGET_NAME)";
				SWIFT_EMIT_LOC_STRINGS = NO;
				SWIFT_VERSION = 5.0;
				TARGETED_DEVICE_FAMILY = "1,2";
				TEST_TARGET_NAME = HW4_HusnuTas;
			};
			name = Release;
		};
/* End XCBuildConfiguration section */

/* Begin XCConfigurationList section */
		BCC002D627179A3400B60B35 /* Build configuration list for PBXProject "HW4_HusnuTas" */ = {
			isa = XCConfigurationList;
			buildConfigurations = (
				BCC0030327179A3700B60B35 /* Debug */,
				BCC0030427179A3700B60B35 /* Release */,
			);
			defaultConfigurationIsVisible = 0;
			defaultConfigurationName = Release;
		};
		BCC0030527179A3700B60B35 /* Build configuration list for PBXNativeTarget "HW4_HusnuTas" */ = {
			isa = XCConfigurationList;
			buildConfigurations = (
				BCC0030627179A3700B60B35 /* Debug */,
				BCC0030727179A3700B60B35 /* Release */,
			);
			defaultConfigurationIsVisible = 0;
			defaultConfigurationName = Release;
		};
		BCC0030827179A3700B60B35 /* Build configuration list for PBXNativeTarget "HW4_HusnuTasTests" */ = {
			isa = XCConfigurationList;
			buildConfigurations = (
				BCC0030927179A3700B60B35 /* Debug */,
				BCC0030A27179A3700B60B35 /* Release */,
			);
			defaultConfigurationIsVisible = 0;
			defaultConfigurationName = Release;
		};
		BCC0030B27179A3700B60B35 /* Build configuration list for PBXNativeTarget "HW4_HusnuTasUITests" */ = {
			isa = XCConfigurationList;
			buildConfigurations = (
				BCC0030C27179A3700B60B35 /* Debug */,
				BCC0030D27179A3700B60B35 /* Release */,
			);
			defaultConfigurationIsVisible = 0;
			defaultConfigurationName = Release;
		};
/* End XCConfigurationList section */

/* Begin XCRemoteSwiftPackageReference section */
		BC7FC2DE271B3E87005AB4C1 /* XCRemoteSwiftPackageReference "DefaultNetworkOperationPackage" */ = {
			isa = XCRemoteSwiftPackageReference;
			repositoryURL = "https://github.com/husnutass/DefaultNetworkOperationPackage";
			requirement = {
				branch = main;
				kind = branch;
			};
		};
/* End XCRemoteSwiftPackageReference section */

/* Begin XCSwiftPackageProductDependency section */
		BC7FC2DF271B3E87005AB4C1 /* DefaultNetworkOperationPackage */ = {
			isa = XCSwiftPackageProductDependency;
			package = BC7FC2DE271B3E87005AB4C1 /* XCRemoteSwiftPackageReference "DefaultNetworkOperationPackage" */;
			productName = DefaultNetworkOperationPackage;
		};
/* End XCSwiftPackageProductDependency section */
	};
	rootObject = BCC002D327179A3400B60B35 /* Project object */;
}
